
Microsoft Visual Studio Solution File, Format Version 12.00
# Visual Studio 14
VisualStudioVersion = 14.0.24720.0
MinimumVisualStudioVersion = 10.0.40219.1
Project("{FAE04EC0-301F-11D3-BF4B-00C04F79EFBC}") = "Zen.Core", "Zen.Core.csproj", "{F22B626E-44C5-4DF3-B538-00891CEC04D8}"
EndProject
Project("{FAE04EC0-301F-11D3-BF4B-00C04F79EFBC}") = "Zen.Test", "..\Zen.Test\Zen.Test.csproj", "{EF2DE394-5F84-48D5-94CF-B4F4252CE0D8}"
EndProject
Global
	GlobalSection(SolutionConfigurationPlatforms) = preSolution
		Debug|Any CPU = Debug|Any CPU
		Release|Any CPU = Release|Any CPU
	EndGlobalSection
	GlobalSection(ProjectConfigurationPlatforms) = postSolution
		{F22B626E-44C5-4DF3-B538-00891CEC04D8}.Debug|Any CPU.ActiveCfg = Debug|Any CPU
		{F22B626E-44C5-4DF3-B538-00891CEC04D8}.Debug|Any CPU.Build.0 = Debug|Any CPU
		{F22B626E-44C5-4DF3-B538-00891CEC04D8}.Release|Any CPU.ActiveCfg = Release|Any CPU
		{F22B626E-44C5-4DF3-B538-00891CEC04D8}.Release|Any CPU.Build.0 = Release|Any CPU
		{EF2DE394-5F84-48D5-94CF-B4F4252CE0D8}.Debug|Any CPU.ActiveCfg = Debug|Any CPU
		{EF2DE394-5F84-48D5-94CF-B4F4252CE0D8}.Debug|Any CPU.Build.0 = Debug|Any CPU
		{EF2DE394-5F84-48D5-94CF-B4F4252CE0D8}.Release|Any CPU.ActiveCfg = Release|Any CPU
		{EF2DE394-5F84-48D5-94CF-B4F4252CE0D8}.Release|Any CPU.Build.0 = Release|Any CPU
	EndGlobalSection
	GlobalSection(SolutionProperties) = preSolution
		HideSolutionNode = FALSE
	EndGlobalSection
EndGlobal
